// !$*UTF8*$!
{
	archiveVersion = 1;
	classes = {
	};
	objectVersion = 46;
	objects = {

/* Begin PBXBuildFile section */
		1F2F32AF1BDC98BD0025C2DC /* Assets.xcassets in Resources */ = {isa = PBXBuildFile; fileRef = 1F2F32A91BDC98BD0025C2DC /* Assets.xcassets */; };
		1F2F32B01BDC98BD0025C2DC /* LaunchScreen.storyboard in Resources */ = {isa = PBXBuildFile; fileRef = 1F2F32AA1BDC98BD0025C2DC /* LaunchScreen.storyboard */; };
		1F2F32B71BDC9C0C0025C2DC /* TabBarViewController.swift in Sources */ = {isa = PBXBuildFile; fileRef = 1F2F32B51BDC9C0C0025C2DC /* TabBarViewController.swift */; };
		1F2F32B81BDC9C0C0025C2DC /* ViewController2.swift in Sources */ = {isa = PBXBuildFile; fileRef = 1F2F32B61BDC9C0C0025C2DC /* ViewController2.swift */; };
		1F2F32C41BDC9CD30025C2DC /* NewsFeedViewController.swift in Sources */ = {isa = PBXBuildFile; fileRef = 1F2F32BB1BDC9CD30025C2DC /* NewsFeedViewController.swift */; };
		1F2F32C51BDC9CD30025C2DC /* MountainReportViewController.swift in Sources */ = {isa = PBXBuildFile; fileRef = 1F2F32BD1BDC9CD30025C2DC /* MountainReportViewController.swift */; };
		1F2F32C61BDC9CD30025C2DC /* UserProfileViewController.swift in Sources */ = {isa = PBXBuildFile; fileRef = 1F2F32BF1BDC9CD30025C2DC /* UserProfileViewController.swift */; };
		1F2F32C81BDC9CD30025C2DC /* SettingsViewController.swift in Sources */ = {isa = PBXBuildFile; fileRef = 1F2F32C31BDC9CD30025C2DC /* SettingsViewController.swift */; };
		1F6B83301BE586E1006A6B07 /* LoginSignupViewController.swift in Sources */ = {isa = PBXBuildFile; fileRef = 1F6B832F1BE586E1006A6B07 /* LoginSignupViewController.swift */; };
		9982B3D6923F293F7F93090D /* Pods_Snowcialite_iOS_App.framework in Frameworks */ = {isa = PBXBuildFile; fileRef = E7FD729DDA54038ED8F88F47 /* Pods_Snowcialite_iOS_App.framework */; };
		CC360FEB1BC0E0E6001B91E8 /* AppDelegate.swift in Sources */ = {isa = PBXBuildFile; fileRef = CC360FEA1BC0E0E6001B91E8 /* AppDelegate.swift */; };
		CC3610001BC0E0E6001B91E8 /* Snowcialite_iOS_AppTests.swift in Sources */ = {isa = PBXBuildFile; fileRef = CC360FFF1BC0E0E6001B91E8 /* Snowcialite_iOS_AppTests.swift */; };
		CC36100B1BC0E0E6001B91E8 /* Snowcialite_iOS_AppUITests.swift in Sources */ = {isa = PBXBuildFile; fileRef = CC36100A1BC0E0E6001B91E8 /* Snowcialite_iOS_AppUITests.swift */; };
		ED21F9251CBAD2E300A9F5D8 /* DetailViewController.swift in Sources */ = {isa = PBXBuildFile; fileRef = ED21F9211CBAD2E300A9F5D8 /* DetailViewController.swift */; };
		ED21F9261CBAD2E300A9F5D8 /* HomeViewController.swift in Sources */ = {isa = PBXBuildFile; fileRef = ED21F9221CBAD2E300A9F5D8 /* HomeViewController.swift */; };
		ED21F9271CBAD2E300A9F5D8 /* MulticolorPolylineSegment.swift in Sources */ = {isa = PBXBuildFile; fileRef = ED21F9231CBAD2E300A9F5D8 /* MulticolorPolylineSegment.swift */; };
		ED21F9281CBAD2E300A9F5D8 /* NewRunViewController.swift in Sources */ = {isa = PBXBuildFile; fileRef = ED21F9241CBAD2E300A9F5D8 /* NewRunViewController.swift */; };
		ED21F92B1CBAD3C300A9F5D8 /* Location.swift in Sources */ = {isa = PBXBuildFile; fileRef = ED21F9291CBAD3C300A9F5D8 /* Location.swift */; };
		ED21F92C1CBAD3C300A9F5D8 /* Run.swift in Sources */ = {isa = PBXBuildFile; fileRef = ED21F92A1CBAD3C300A9F5D8 /* Run.swift */; };
		ED35EA4C1BE6E6FC004A9A4D /* PostViewController.swift in Sources */ = {isa = PBXBuildFile; fileRef = ED35EA4B1BE6E6FC004A9A4D /* PostViewController.swift */; };
		ED5747F81BF6B14C009D6579 /* UserImages.swift in Sources */ = {isa = PBXBuildFile; fileRef = ED5747F71BF6B14C009D6579 /* UserImages.swift */; };
		ED85E4AD1BEC0D9E00CCC06B /* User.swift in Sources */ = {isa = PBXBuildFile; fileRef = ED85E4AC1BEC0D9E00CCC06B /* User.swift */; };
		ED95F5EC1BE15EAB00DFC554 /* MapViewController.swift in Sources */ = {isa = PBXBuildFile; fileRef = ED95F5EB1BE15EAB00DFC554 /* MapViewController.swift */; };
		EDB1B5FB1BE4079B007950EF /* newsFeedTest.swift in Sources */ = {isa = PBXBuildFile; fileRef = EDB1B5FA1BE4079B007950EF /* newsFeedTest.swift */; };
		EDB1B5FD1BE40DDA007950EF /* newsFeedCollectionViewCell.swift in Sources */ = {isa = PBXBuildFile; fileRef = EDB1B5FC1BE40DDA007950EF /* newsFeedCollectionViewCell.swift */; };
		EDBF34111BEEC1B800C16B58 /* UserProfileTest.swift in Sources */ = {isa = PBXBuildFile; fileRef = EDBF34101BEEC1B800C16B58 /* UserProfileTest.swift */; };
		EDBF34131BEEC23300C16B58 /* UserCollectionViewCell.swift in Sources */ = {isa = PBXBuildFile; fileRef = EDBF34121BEEC23300C16B58 /* UserCollectionViewCell.swift */; };
		EDCFEB2B1BEF24FE0025983B /* Main.storyboard in Resources */ = {isa = PBXBuildFile; fileRef = EDCFEB291BEF24FE0025983B /* Main.storyboard */; };
/* End PBXBuildFile section */

/* Begin PBXContainerItemProxy section */
		CC360FFC1BC0E0E6001B91E8 /* PBXContainerItemProxy */ = {
			isa = PBXContainerItemProxy;
			containerPortal = CC360FDF1BC0E0E6001B91E8 /* Project object */;
			proxyType = 1;
			remoteGlobalIDString = CC360FE61BC0E0E6001B91E8;
			remoteInfo = "Snowcialite iOS App";
		};
		CC3610071BC0E0E6001B91E8 /* PBXContainerItemProxy */ = {
			isa = PBXContainerItemProxy;
			containerPortal = CC360FDF1BC0E0E6001B91E8 /* Project object */;
			proxyType = 1;
			remoteGlobalIDString = CC360FE61BC0E0E6001B91E8;
			remoteInfo = "Snowcialite iOS App";
		};
/* End PBXContainerItemProxy section */

/* Begin PBXFileReference section */
		1F2F32A91BDC98BD0025C2DC /* Assets.xcassets */ = {isa = PBXFileReference; lastKnownFileType = folder.assetcatalog; path = Assets.xcassets; sourceTree = "<group>"; };
		1F2F32AB1BDC98BD0025C2DC /* Base */ = {isa = PBXFileReference; lastKnownFileType = file.storyboard; name = Base; path = Base.lproj/LaunchScreen.storyboard; sourceTree = "<group>"; };
		1F2F32AE1BDC98BD0025C2DC /* Info.plist */ = {isa = PBXFileReference; fileEncoding = 4; lastKnownFileType = text.plist.xml; path = Info.plist; sourceTree = "<group>"; };
		1F2F32B51BDC9C0C0025C2DC /* TabBarViewController.swift */ = {isa = PBXFileReference; fileEncoding = 4; lastKnownFileType = sourcecode.swift; name = TabBarViewController.swift; path = "Tab Bar/TabBarViewController.swift"; sourceTree = "<group>"; };
		1F2F32B61BDC9C0C0025C2DC /* ViewController2.swift */ = {isa = PBXFileReference; fileEncoding = 4; lastKnownFileType = sourcecode.swift; name = ViewController2.swift; path = "Tab Bar/ViewController2.swift"; sourceTree = "<group>"; };
		1F2F32BB1BDC9CD30025C2DC /* NewsFeedViewController.swift */ = {isa = PBXFileReference; fileEncoding = 4; lastKnownFileType = sourcecode.swift; path = NewsFeedViewController.swift; sourceTree = "<group>"; };
		1F2F32BD1BDC9CD30025C2DC /* MountainReportViewController.swift */ = {isa = PBXFileReference; fileEncoding = 4; lastKnownFileType = sourcecode.swift; path = MountainReportViewController.swift; sourceTree = "<group>"; };
		1F2F32BF1BDC9CD30025C2DC /* UserProfileViewController.swift */ = {isa = PBXFileReference; fileEncoding = 4; lastKnownFileType = sourcecode.swift; path = UserProfileViewController.swift; sourceTree = "<group>"; };
		1F2F32C31BDC9CD30025C2DC /* SettingsViewController.swift */ = {isa = PBXFileReference; fileEncoding = 4; lastKnownFileType = sourcecode.swift; path = SettingsViewController.swift; sourceTree = "<group>"; };
		1F6B832F1BE586E1006A6B07 /* LoginSignupViewController.swift */ = {isa = PBXFileReference; fileEncoding = 4; lastKnownFileType = sourcecode.swift; path = LoginSignupViewController.swift; sourceTree = "<group>"; };
		8C3D44E6CA1B631C338C64AF /* Pods-Snowcialite iOS App.release.xcconfig */ = {isa = PBXFileReference; includeInIndex = 1; lastKnownFileType = text.xcconfig; name = "Pods-Snowcialite iOS App.release.xcconfig"; path = "Pods/Target Support Files/Pods-Snowcialite iOS App/Pods-Snowcialite iOS App.release.xcconfig"; sourceTree = "<group>"; };
		BB341C5E83B4146D9A581309 /* Pods-Snowcialite iOS App.debug.xcconfig */ = {isa = PBXFileReference; includeInIndex = 1; lastKnownFileType = text.xcconfig; name = "Pods-Snowcialite iOS App.debug.xcconfig"; path = "Pods/Target Support Files/Pods-Snowcialite iOS App/Pods-Snowcialite iOS App.debug.xcconfig"; sourceTree = "<group>"; };
		CC360FE71BC0E0E6001B91E8 /* Snowcialite iOS App.app */ = {isa = PBXFileReference; explicitFileType = wrapper.application; includeInIndex = 0; path = "Snowcialite iOS App.app"; sourceTree = BUILT_PRODUCTS_DIR; };
		CC360FEA1BC0E0E6001B91E8 /* AppDelegate.swift */ = {isa = PBXFileReference; lastKnownFileType = sourcecode.swift; path = AppDelegate.swift; sourceTree = "<group>"; };
		CC360FFB1BC0E0E6001B91E8 /* Snowcialite iOS AppTests.xctest */ = {isa = PBXFileReference; explicitFileType = wrapper.cfbundle; includeInIndex = 0; path = "Snowcialite iOS AppTests.xctest"; sourceTree = BUILT_PRODUCTS_DIR; };
		CC360FFF1BC0E0E6001B91E8 /* Snowcialite_iOS_AppTests.swift */ = {isa = PBXFileReference; lastKnownFileType = sourcecode.swift; path = Snowcialite_iOS_AppTests.swift; sourceTree = "<group>"; };
		CC3610011BC0E0E6001B91E8 /* Info.plist */ = {isa = PBXFileReference; lastKnownFileType = text.plist.xml; path = Info.plist; sourceTree = "<group>"; };
		CC3610061BC0E0E6001B91E8 /* Snowcialite iOS AppUITests.xctest */ = {isa = PBXFileReference; explicitFileType = wrapper.cfbundle; includeInIndex = 0; path = "Snowcialite iOS AppUITests.xctest"; sourceTree = BUILT_PRODUCTS_DIR; };
		CC36100A1BC0E0E6001B91E8 /* Snowcialite_iOS_AppUITests.swift */ = {isa = PBXFileReference; lastKnownFileType = sourcecode.swift; path = Snowcialite_iOS_AppUITests.swift; sourceTree = "<group>"; };
		CC36100C1BC0E0E6001B91E8 /* Info.plist */ = {isa = PBXFileReference; lastKnownFileType = text.plist.xml; path = Info.plist; sourceTree = "<group>"; };
		E7FD729DDA54038ED8F88F47 /* Pods_Snowcialite_iOS_App.framework */ = {isa = PBXFileReference; explicitFileType = wrapper.framework; includeInIndex = 0; path = Pods_Snowcialite_iOS_App.framework; sourceTree = BUILT_PRODUCTS_DIR; };
		ED21F9211CBAD2E300A9F5D8 /* DetailViewController.swift */ = {isa = PBXFileReference; fileEncoding = 4; lastKnownFileType = sourcecode.swift; path = DetailViewController.swift; sourceTree = "<group>"; };
		ED21F9221CBAD2E300A9F5D8 /* HomeViewController.swift */ = {isa = PBXFileReference; fileEncoding = 4; lastKnownFileType = sourcecode.swift; path = HomeViewController.swift; sourceTree = "<group>"; };
		ED21F9231CBAD2E300A9F5D8 /* MulticolorPolylineSegment.swift */ = {isa = PBXFileReference; fileEncoding = 4; lastKnownFileType = sourcecode.swift; path = MulticolorPolylineSegment.swift; sourceTree = "<group>"; };
		ED21F9241CBAD2E300A9F5D8 /* NewRunViewController.swift */ = {isa = PBXFileReference; fileEncoding = 4; lastKnownFileType = sourcecode.swift; path = NewRunViewController.swift; sourceTree = "<group>"; };
		ED21F9291CBAD3C300A9F5D8 /* Location.swift */ = {isa = PBXFileReference; fileEncoding = 4; lastKnownFileType = sourcecode.swift; path = Location.swift; sourceTree = "<group>"; };
		ED21F92A1CBAD3C300A9F5D8 /* Run.swift */ = {isa = PBXFileReference; fileEncoding = 4; lastKnownFileType = sourcecode.swift; path = Run.swift; sourceTree = "<group>"; };
		ED35EA4B1BE6E6FC004A9A4D /* PostViewController.swift */ = {isa = PBXFileReference; fileEncoding = 4; lastKnownFileType = sourcecode.swift; path = PostViewController.swift; sourceTree = "<group>"; };
		ED5747F71BF6B14C009D6579 /* UserImages.swift */ = {isa = PBXFileReference; fileEncoding = 4; lastKnownFileType = sourcecode.swift; path = UserImages.swift; sourceTree = "<group>"; };
		ED85E4AC1BEC0D9E00CCC06B /* User.swift */ = {isa = PBXFileReference; fileEncoding = 4; lastKnownFileType = sourcecode.swift; path = User.swift; sourceTree = "<group>"; };
		ED95F5EB1BE15EAB00DFC554 /* MapViewController.swift */ = {isa = PBXFileReference; fileEncoding = 4; lastKnownFileType = sourcecode.swift; path = MapViewController.swift; sourceTree = "<group>"; };
		EDB1B5FA1BE4079B007950EF /* newsFeedTest.swift */ = {isa = PBXFileReference; fileEncoding = 4; lastKnownFileType = sourcecode.swift; path = newsFeedTest.swift; sourceTree = "<group>"; };
		EDB1B5FC1BE40DDA007950EF /* newsFeedCollectionViewCell.swift */ = {isa = PBXFileReference; fileEncoding = 4; lastKnownFileType = sourcecode.swift; path = newsFeedCollectionViewCell.swift; sourceTree = "<group>"; };
		EDBF34101BEEC1B800C16B58 /* UserProfileTest.swift */ = {isa = PBXFileReference; fileEncoding = 4; lastKnownFileType = sourcecode.swift; path = UserProfileTest.swift; sourceTree = "<group>"; };
		EDBF34121BEEC23300C16B58 /* UserCollectionViewCell.swift */ = {isa = PBXFileReference; fileEncoding = 4; lastKnownFileType = sourcecode.swift; path = UserCollectionViewCell.swift; sourceTree = "<group>"; };
		EDCFEB2A1BEF24FE0025983B /* Base */ = {isa = PBXFileReference; lastKnownFileType = file.storyboard; name = Base; path = Base.lproj/Main.storyboard; sourceTree = "<group>"; };
/* End PBXFileReference section */

/* Begin PBXFrameworksBuildPhase section */
		CC360FE41BC0E0E6001B91E8 /* Frameworks */ = {
			isa = PBXFrameworksBuildPhase;
			buildActionMask = 2147483647;
			files = (
				9982B3D6923F293F7F93090D /* Pods_Snowcialite_iOS_App.framework in Frameworks */,
			);
			runOnlyForDeploymentPostprocessing = 0;
		};
		CC360FF81BC0E0E6001B91E8 /* Frameworks */ = {
			isa = PBXFrameworksBuildPhase;
			buildActionMask = 2147483647;
			files = (
			);
			runOnlyForDeploymentPostprocessing = 0;
		};
		CC3610031BC0E0E6001B91E8 /* Frameworks */ = {
			isa = PBXFrameworksBuildPhase;
			buildActionMask = 2147483647;
			files = (
			);
			runOnlyForDeploymentPostprocessing = 0;
		};
/* End PBXFrameworksBuildPhase section */

/* Begin PBXGroup section */
		1F2F32961BDC97370025C2DC /* Tab Bar */ = {
			isa = PBXGroup;
			children = (
				1F2F32B51BDC9C0C0025C2DC /* TabBarViewController.swift */,
				1F2F32B61BDC9C0C0025C2DC /* ViewController2.swift */,
				1F2F32B91BDC9CD30025C2DC /* Tab Screens */,
			);
			name = "Tab Bar";
			sourceTree = "<group>";
		};
		1F2F32A81BDC98BD0025C2DC /* Supporting Files */ = {
			isa = PBXGroup;
			children = (
				1F2F32A91BDC98BD0025C2DC /* Assets.xcassets */,
				1F2F32AA1BDC98BD0025C2DC /* LaunchScreen.storyboard */,
				EDCFEB291BEF24FE0025983B /* Main.storyboard */,
				1F2F32AE1BDC98BD0025C2DC /* Info.plist */,
			);
			path = "Supporting Files";
			sourceTree = "<group>";
		};
		1F2F32B91BDC9CD30025C2DC /* Tab Screens */ = {
			isa = PBXGroup;
			children = (
				1F2F32BA1BDC9CD30025C2DC /* 1 - News Feed */,
				1F2F32BC1BDC9CD30025C2DC /* 2 - Mountain Report */,
				1F2F32BE1BDC9CD30025C2DC /* 3 - User Profile */,
				1F2F32C01BDC9CD30025C2DC /* 4 - Notifications */,
				1F2F32C21BDC9CD30025C2DC /* 5 - Settings */,
			);
			name = "Tab Screens";
			path = "Tab Bar/Tab Screens";
			sourceTree = "<group>";
		};
		1F2F32BA1BDC9CD30025C2DC /* 1 - News Feed */ = {
			isa = PBXGroup;
			children = (
				1F2F32BB1BDC9CD30025C2DC /* NewsFeedViewController.swift */,
				ED35EA4B1BE6E6FC004A9A4D /* PostViewController.swift */,
				EDB1B5F91BE4073B007950EF /* 1.1 Test Newsfeed */,
			);
			path = "1 - News Feed";
			sourceTree = "<group>";
		};
		1F2F32BC1BDC9CD30025C2DC /* 2 - Mountain Report */ = {
			isa = PBXGroup;
			children = (
				1F2F32BD1BDC9CD30025C2DC /* MountainReportViewController.swift */,
				ED95F5EB1BE15EAB00DFC554 /* MapViewController.swift */,
			);
			path = "2 - Mountain Report";
			sourceTree = "<group>";
		};
		1F2F32BE1BDC9CD30025C2DC /* 3 - User Profile */ = {
			isa = PBXGroup;
			children = (
				1F2F32BF1BDC9CD30025C2DC /* UserProfileViewController.swift */,
				ED85E4AC1BEC0D9E00CCC06B /* User.swift */,
				ED5747F71BF6B14C009D6579 /* UserImages.swift */,
				EDBF340F1BEEC17D00C16B58 /* Test User Profile */,
			);
			path = "3 - User Profile";
			sourceTree = "<group>";
		};
		1F2F32C01BDC9CD30025C2DC /* 4 - Notifications */ = {
			isa = PBXGroup;
			children = (
				ED21F9211CBAD2E300A9F5D8 /* DetailViewController.swift */,
				ED21F9291CBAD3C300A9F5D8 /* Location.swift */,
				ED21F92A1CBAD3C300A9F5D8 /* Run.swift */,
				ED21F9221CBAD2E300A9F5D8 /* HomeViewController.swift */,
				ED21F9231CBAD2E300A9F5D8 /* MulticolorPolylineSegment.swift */,
				ED21F9241CBAD2E300A9F5D8 /* NewRunViewController.swift */,
			);
			path = "4 - Notifications";
			sourceTree = "<group>";
		};
		1F2F32C21BDC9CD30025C2DC /* 5 - Settings */ = {
			isa = PBXGroup;
			children = (
				1F2F32C31BDC9CD30025C2DC /* SettingsViewController.swift */,
			);
			path = "5 - Settings";
			sourceTree = "<group>";
		};
		1F6B832E1BE586E1006A6B07 /* Login Screen */ = {
			isa = PBXGroup;
			children = (
				1F6B832F1BE586E1006A6B07 /* LoginSignupViewController.swift */,
			);
			path = "Login Screen";
			sourceTree = "<group>";
		};
		84999543058872F766EB2F21 /* Frameworks */ = {
			isa = PBXGroup;
			children = (
				E7FD729DDA54038ED8F88F47 /* Pods_Snowcialite_iOS_App.framework */,
			);
			name = Frameworks;
			sourceTree = "<group>";
		};
		BB26044C5594F54649A2CF3D /* Pods */ = {
			isa = PBXGroup;
			children = (
				BB341C5E83B4146D9A581309 /* Pods-Snowcialite iOS App.debug.xcconfig */,
				8C3D44E6CA1B631C338C64AF /* Pods-Snowcialite iOS App.release.xcconfig */,
			);
			name = Pods;
			sourceTree = "<group>";
		};
		CC360FDE1BC0E0E6001B91E8 = {
			isa = PBXGroup;
			children = (
				CC360FE91BC0E0E6001B91E8 /* Snowcialite iOS App */,
				CC360FFE1BC0E0E6001B91E8 /* Snowcialite iOS AppTests */,
				CC3610091BC0E0E6001B91E8 /* Snowcialite iOS AppUITests */,
				CC360FE81BC0E0E6001B91E8 /* Products */,
				84999543058872F766EB2F21 /* Frameworks */,
				BB26044C5594F54649A2CF3D /* Pods */,
			);
			sourceTree = "<group>";
		};
		CC360FE81BC0E0E6001B91E8 /* Products */ = {
			isa = PBXGroup;
			children = (
				CC360FE71BC0E0E6001B91E8 /* Snowcialite iOS App.app */,
				CC360FFB1BC0E0E6001B91E8 /* Snowcialite iOS AppTests.xctest */,
				CC3610061BC0E0E6001B91E8 /* Snowcialite iOS AppUITests.xctest */,
			);
			name = Products;
			sourceTree = "<group>";
		};
		CC360FE91BC0E0E6001B91E8 /* Snowcialite iOS App */ = {
			isa = PBXGroup;
			children = (
				CC360FEA1BC0E0E6001B91E8 /* AppDelegate.swift */,
				1F6B832E1BE586E1006A6B07 /* Login Screen */,
				1F2F32A81BDC98BD0025C2DC /* Supporting Files */,
				1F2F32961BDC97370025C2DC /* Tab Bar */,
			);
			path = "Snowcialite iOS App";
			sourceTree = "<group>";
		};
		CC360FFE1BC0E0E6001B91E8 /* Snowcialite iOS AppTests */ = {
			isa = PBXGroup;
			children = (
				CC360FFF1BC0E0E6001B91E8 /* Snowcialite_iOS_AppTests.swift */,
				CC3610011BC0E0E6001B91E8 /* Info.plist */,
			);
			path = "Snowcialite iOS AppTests";
			sourceTree = "<group>";
		};
		CC3610091BC0E0E6001B91E8 /* Snowcialite iOS AppUITests */ = {
			isa = PBXGroup;
			children = (
				CC36100A1BC0E0E6001B91E8 /* Snowcialite_iOS_AppUITests.swift */,
				CC36100C1BC0E0E6001B91E8 /* Info.plist */,
			);
			path = "Snowcialite iOS AppUITests";
			sourceTree = "<group>";
		};
		EDB1B5F91BE4073B007950EF /* 1.1 Test Newsfeed */ = {
			isa = PBXGroup;
			children = (
				EDB1B5FA1BE4079B007950EF /* newsFeedTest.swift */,
				EDB1B5FC1BE40DDA007950EF /* newsFeedCollectionViewCell.swift */,
			);
			name = "1.1 Test Newsfeed";
			sourceTree = "<group>";
		};
		EDBF340F1BEEC17D00C16B58 /* Test User Profile */ = {
			isa = PBXGroup;
			children = (
				EDBF34101BEEC1B800C16B58 /* UserProfileTest.swift */,
				EDBF34121BEEC23300C16B58 /* UserCollectionViewCell.swift */,
			);
			name = "Test User Profile";
			sourceTree = "<group>";
		};
/* End PBXGroup section */

/* Begin PBXNativeTarget section */
		CC360FE61BC0E0E6001B91E8 /* Snowcialite iOS App */ = {
			isa = PBXNativeTarget;
			buildConfigurationList = CC36100F1BC0E0E6001B91E8 /* Build configuration list for PBXNativeTarget "Snowcialite iOS App" */;
			buildPhases = (
				1C0826E3E3D9E6E36924A1CA /* Check Pods Manifest.lock */,
				CC360FE31BC0E0E6001B91E8 /* Sources */,
				CC360FE41BC0E0E6001B91E8 /* Frameworks */,
				CC360FE51BC0E0E6001B91E8 /* Resources */,
				988B996C2750795581A41E77 /* Embed Pods Frameworks */,
				03B2AD40B8CB83AD79E132FA /* Copy Pods Resources */,
			);
			buildRules = (
			);
			dependencies = (
			);
			name = "Snowcialite iOS App";
			productName = "Snowcialite iOS App";
			productReference = CC360FE71BC0E0E6001B91E8 /* Snowcialite iOS App.app */;
			productType = "com.apple.product-type.application";
		};
		CC360FFA1BC0E0E6001B91E8 /* Snowcialite iOS AppTests */ = {
			isa = PBXNativeTarget;
			buildConfigurationList = CC3610121BC0E0E6001B91E8 /* Build configuration list for PBXNativeTarget "Snowcialite iOS AppTests" */;
			buildPhases = (
				CC360FF71BC0E0E6001B91E8 /* Sources */,
				CC360FF81BC0E0E6001B91E8 /* Frameworks */,
				CC360FF91BC0E0E6001B91E8 /* Resources */,
			);
			buildRules = (
			);
			dependencies = (
				CC360FFD1BC0E0E6001B91E8 /* PBXTargetDependency */,
			);
			name = "Snowcialite iOS AppTests";
			productName = "Snowcialite iOS AppTests";
			productReference = CC360FFB1BC0E0E6001B91E8 /* Snowcialite iOS AppTests.xctest */;
			productType = "com.apple.product-type.bundle.unit-test";
		};
		CC3610051BC0E0E6001B91E8 /* Snowcialite iOS AppUITests */ = {
			isa = PBXNativeTarget;
			buildConfigurationList = CC3610151BC0E0E6001B91E8 /* Build configuration list for PBXNativeTarget "Snowcialite iOS AppUITests" */;
			buildPhases = (
				CC3610021BC0E0E6001B91E8 /* Sources */,
				CC3610031BC0E0E6001B91E8 /* Frameworks */,
				CC3610041BC0E0E6001B91E8 /* Resources */,
			);
			buildRules = (
			);
			dependencies = (
				CC3610081BC0E0E6001B91E8 /* PBXTargetDependency */,
			);
			name = "Snowcialite iOS AppUITests";
			productName = "Snowcialite iOS AppUITests";
			productReference = CC3610061BC0E0E6001B91E8 /* Snowcialite iOS AppUITests.xctest */;
			productType = "com.apple.product-type.bundle.ui-testing";
		};
/* End PBXNativeTarget section */

/* Begin PBXProject section */
		CC360FDF1BC0E0E6001B91E8 /* Project object */ = {
			isa = PBXProject;
			attributes = {
				LastUpgradeCheck = 0710;
				ORGANIZATIONNAME = Snowcialite;
				TargetAttributes = {
					CC360FE61BC0E0E6001B91E8 = {
						CreatedOnToolsVersion = 7.0.1;
						DevelopmentTeam = GWARJ29EYF;
					};
					CC360FFA1BC0E0E6001B91E8 = {
						CreatedOnToolsVersion = 7.0.1;
						TestTargetID = CC360FE61BC0E0E6001B91E8;
					};
					CC3610051BC0E0E6001B91E8 = {
						CreatedOnToolsVersion = 7.0.1;
						TestTargetID = CC360FE61BC0E0E6001B91E8;
					};
				};
			};
			buildConfigurationList = CC360FE21BC0E0E6001B91E8 /* Build configuration list for PBXProject "Snowcialite iOS App" */;
			compatibilityVersion = "Xcode 3.2";
			developmentRegion = English;
			hasScannedForEncodings = 0;
			knownRegions = (
				en,
				Base,
			);
			mainGroup = CC360FDE1BC0E0E6001B91E8;
			productRefGroup = CC360FE81BC0E0E6001B91E8 /* Products */;
			projectDirPath = "";
			projectRoot = "";
			targets = (
				CC360FE61BC0E0E6001B91E8 /* Snowcialite iOS App */,
				CC360FFA1BC0E0E6001B91E8 /* Snowcialite iOS AppTests */,
				CC3610051BC0E0E6001B91E8 /* Snowcialite iOS AppUITests */,
			);
		};
/* End PBXProject section */

/* Begin PBXResourcesBuildPhase section */
		CC360FE51BC0E0E6001B91E8 /* Resources */ = {
			isa = PBXResourcesBuildPhase;
			buildActionMask = 2147483647;
			files = (
				EDCFEB2B1BEF24FE0025983B /* Main.storyboard in Resources */,
				1F2F32AF1BDC98BD0025C2DC /* Assets.xcassets in Resources */,
				1F2F32B01BDC98BD0025C2DC /* LaunchScreen.storyboard in Resources */,
			);
			runOnlyForDeploymentPostprocessing = 0;
		};
		CC360FF91BC0E0E6001B91E8 /* Resources */ = {
			isa = PBXResourcesBuildPhase;
			buildActionMask = 2147483647;
			files = (
			);
			runOnlyForDeploymentPostprocessing = 0;
		};
		CC3610041BC0E0E6001B91E8 /* Resources */ = {
			isa = PBXResourcesBuildPhase;
			buildActionMask = 2147483647;
			files = (
			);
			runOnlyForDeploymentPostprocessing = 0;
		};
/* End PBXResourcesBuildPhase section */

/* Begin PBXShellScriptBuildPhase section */
		03B2AD40B8CB83AD79E132FA /* Copy Pods Resources */ = {
			isa = PBXShellScriptBuildPhase;
			buildActionMask = 2147483647;
			files = (
			);
			inputPaths = (
			);
			name = "Copy Pods Resources";
			outputPaths = (
			);
			runOnlyForDeploymentPostprocessing = 0;
			shellPath = /bin/sh;
			shellScript = "\"${SRCROOT}/Pods/Target Support Files/Pods-Snowcialite iOS App/Pods-Snowcialite iOS App-resources.sh\"\n";
			showEnvVarsInLog = 0;
		};
		1C0826E3E3D9E6E36924A1CA /* Check Pods Manifest.lock */ = {
			isa = PBXShellScriptBuildPhase;
			buildActionMask = 2147483647;
			files = (
			);
			inputPaths = (
			);
			name = "Check Pods Manifest.lock";
			outputPaths = (
			);
			runOnlyForDeploymentPostprocessing = 0;
			shellPath = /bin/sh;
			shellScript = "diff \"${PODS_ROOT}/../Podfile.lock\" \"${PODS_ROOT}/Manifest.lock\" > /dev/null\nif [[ $? != 0 ]] ; then\n    cat << EOM\nerror: The sandbox is not in sync with the Podfile.lock. Run 'pod install' or update your CocoaPods installation.\nEOM\n    exit 1\nfi\n";
			showEnvVarsInLog = 0;
		};
		988B996C2750795581A41E77 /* Embed Pods Frameworks */ = {
			isa = PBXShellScriptBuildPhase;
			buildActionMask = 2147483647;
			files = (
			);
			inputPaths = (
			);
			name = "Embed Pods Frameworks";
			outputPaths = (
			);
			runOnlyForDeploymentPostprocessing = 0;
			shellPath = /bin/sh;
			shellScript = "\"${SRCROOT}/Pods/Target Support Files/Pods-Snowcialite iOS App/Pods-Snowcialite iOS App-frameworks.sh\"\n";
			showEnvVarsInLog = 0;
		};
/* End PBXShellScriptBuildPhase section */

/* Begin PBXSourcesBuildPhase section */
		CC360FE31BC0E0E6001B91E8 /* Sources */ = {
			isa = PBXSourcesBuildPhase;
			buildActionMask = 2147483647;
			files = (
				1F2F32B81BDC9C0C0025C2DC /* ViewController2.swift in Sources */,
				ED21F9251CBAD2E300A9F5D8 /* DetailViewController.swift in Sources */,
				EDBF34111BEEC1B800C16B58 /* UserProfileTest.swift in Sources */,
				1F2F32C41BDC9CD30025C2DC /* NewsFeedViewController.swift in Sources */,
				ED35EA4C1BE6E6FC004A9A4D /* PostViewController.swift in Sources */,
				ED21F9261CBAD2E300A9F5D8 /* HomeViewController.swift in Sources */,
				ED95F5EC1BE15EAB00DFC554 /* MapViewController.swift in Sources */,
				1F6B83301BE586E1006A6B07 /* LoginSignupViewController.swift in Sources */,
				ED85E4AD1BEC0D9E00CCC06B /* User.swift in Sources */,
				ED21F92C1CBAD3C300A9F5D8 /* Run.swift in Sources */,
				1F2F32C51BDC9CD30025C2DC /* MountainReportViewController.swift in Sources */,
				CC360FEB1BC0E0E6001B91E8 /* AppDelegate.swift in Sources */,
				1F2F32B71BDC9C0C0025C2DC /* TabBarViewController.swift in Sources */,
				ED21F9271CBAD2E300A9F5D8 /* MulticolorPolylineSegment.swift in Sources */,
				ED21F92B1CBAD3C300A9F5D8 /* Location.swift in Sources */,
				EDB1B5FB1BE4079B007950EF /* newsFeedTest.swift in Sources */,
				1F2F32C81BDC9CD30025C2DC /* SettingsViewController.swift in Sources */,
				ED21F9281CBAD2E300A9F5D8 /* NewRunViewController.swift in Sources */,
				EDBF34131BEEC23300C16B58 /* UserCollectionViewCell.swift in Sources */,
				EDB1B5FD1BE40DDA007950EF /* newsFeedCollectionViewCell.swift in Sources */,
				1F2F32C61BDC9CD30025C2DC /* UserProfileViewController.swift in Sources */,
				ED5747F81BF6B14C009D6579 /* UserImages.swift in Sources */,
			);
			runOnlyForDeploymentPostprocessing = 0;
		};
		CC360FF71BC0E0E6001B91E8 /* Sources */ = {
			isa = PBXSourcesBuildPhase;
			buildActionMask = 2147483647;
			files = (
				CC3610001BC0E0E6001B91E8 /* Snowcialite_iOS_AppTests.swift in Sources */,
			);
			runOnlyForDeploymentPostprocessing = 0;
		};
		CC3610021BC0E0E6001B91E8 /* Sources */ = {
			isa = PBXSourcesBuildPhase;
			buildActionMask = 2147483647;
			files = (
				CC36100B1BC0E0E6001B91E8 /* Snowcialite_iOS_AppUITests.swift in Sources */,
			);
			runOnlyForDeploymentPostprocessing = 0;
		};
/* End PBXSourcesBuildPhase section */

/* Begin PBXTargetDependency section */
		CC360FFD1BC0E0E6001B91E8 /* PBXTargetDependency */ = {
			isa = PBXTargetDependency;
			target = CC360FE61BC0E0E6001B91E8 /* Snowcialite iOS App */;
			targetProxy = CC360FFC1BC0E0E6001B91E8 /* PBXContainerItemProxy */;
		};
		CC3610081BC0E0E6001B91E8 /* PBXTargetDependency */ = {
			isa = PBXTargetDependency;
			target = CC360FE61BC0E0E6001B91E8 /* Snowcialite iOS App */;
			targetProxy = CC3610071BC0E0E6001B91E8 /* PBXContainerItemProxy */;
		};
/* End PBXTargetDependency section */

/* Begin PBXVariantGroup section */
		1F2F32AA1BDC98BD0025C2DC /* LaunchScreen.storyboard */ = {
			isa = PBXVariantGroup;
			children = (
				1F2F32AB1BDC98BD0025C2DC /* Base */,
			);
			name = LaunchScreen.storyboard;
			sourceTree = "<group>";
		};
		EDCFEB291BEF24FE0025983B /* Main.storyboard */ = {
			isa = PBXVariantGroup;
			children = (
				EDCFEB2A1BEF24FE0025983B /* Base */,
			);
			name = Main.storyboard;
			sourceTree = "<group>";
		};
/* End PBXVariantGroup section */

/* Begin XCBuildConfiguration section */
		CC36100D1BC0E0E6001B91E8 /* Debug */ = {
			isa = XCBuildConfiguration;
			buildSettings = {
				ALWAYS_SEARCH_USER_PATHS = NO;
				CLANG_CXX_LANGUAGE_STANDARD = "gnu++0x";
				CLANG_CXX_LIBRARY = "libc++";
				CLANG_ENABLE_MODULES = YES;
				CLANG_ENABLE_OBJC_ARC = YES;
				CLANG_WARN_BOOL_CONVERSION = YES;
				CLANG_WARN_CONSTANT_CONVERSION = YES;
				CLANG_WARN_DIRECT_OBJC_ISA_USAGE = YES_ERROR;
				CLANG_WARN_EMPTY_BODY = YES;
				CLANG_WARN_ENUM_CONVERSION = YES;
				CLANG_WARN_INT_CONVERSION = YES;
				CLANG_WARN_OBJC_ROOT_CLASS = YES_ERROR;
				CLANG_WARN_UNREACHABLE_CODE = YES;
				CLANG_WARN__DUPLICATE_METHOD_MATCH = YES;
				"CODE_SIGN_IDENTITY[sdk=iphoneos*]" = "iPhone Developer";
				COPY_PHASE_STRIP = NO;
				DEBUG_INFORMATION_FORMAT = dwarf;
				ENABLE_STRICT_OBJC_MSGSEND = YES;
				ENABLE_TESTABILITY = YES;
				GCC_C_LANGUAGE_STANDARD = gnu99;
				GCC_DYNAMIC_NO_PIC = NO;
				GCC_NO_COMMON_BLOCKS = YES;
				GCC_OPTIMIZATION_LEVEL = 0;
				GCC_PREPROCESSOR_DEFINITIONS = (
					"DEBUG=1",
					"$(inherited)",
				);
				GCC_WARN_64_TO_32_BIT_CONVERSION = YES;
				GCC_WARN_ABOUT_RETURN_TYPE = YES_ERROR;
				GCC_WARN_UNDECLARED_SELECTOR = YES;
				GCC_WARN_UNINITIALIZED_AUTOS = YES_AGGRESSIVE;
				GCC_WARN_UNUSED_FUNCTION = YES;
				GCC_WARN_UNUSED_VARIABLE = YES;
				IPHONEOS_DEPLOYMENT_TARGET = 9.0;
				MTL_ENABLE_DEBUG_INFO = YES;
				ONLY_ACTIVE_ARCH = YES;
				SDKROOT = iphoneos;
				SWIFT_OPTIMIZATION_LEVEL = "-Onone";
				TARGETED_DEVICE_FAMILY = "1,2";
			};
			name = Debug;
		};
		CC36100E1BC0E0E6001B91E8 /* Release */ = {
			isa = XCBuildConfiguration;
			buildSettings = {
				ALWAYS_SEARCH_USER_PATHS = NO;
				CLANG_CXX_LANGUAGE_STANDARD = "gnu++0x";
				CLANG_CXX_LIBRARY = "libc++";
				CLANG_ENABLE_MODULES = YES;
				CLANG_ENABLE_OBJC_ARC = YES;
				CLANG_WARN_BOOL_CONVERSION = YES;
				CLANG_WARN_CONSTANT_CONVERSION = YES;
				CLANG_WARN_DIRECT_OBJC_ISA_USAGE = YES_ERROR;
				CLANG_WARN_EMPTY_BODY = YES;
				CLANG_WARN_ENUM_CONVERSION = YES;
				CLANG_WARN_INT_CONVERSION = YES;
				CLANG_WARN_OBJC_ROOT_CLASS = YES_ERROR;
				CLANG_WARN_UNREACHABLE_CODE = YES;
				CLANG_WARN__DUPLICATE_METHOD_MATCH = YES;
				"CODE_SIGN_IDENTITY[sdk=iphoneos*]" = "iPhone Developer";
				COPY_PHASE_STRIP = NO;
				DEBUG_INFORMATION_FORMAT = "dwarf-with-dsym";
				ENABLE_NS_ASSERTIONS = NO;
				ENABLE_STRICT_OBJC_MSGSEND = YES;
				GCC_C_LANGUAGE_STANDARD = gnu99;
				GCC_NO_COMMON_BLOCKS = YES;
				GCC_WARN_64_TO_32_BIT_CONVERSION = YES;
				GCC_WARN_ABOUT_RETURN_TYPE = YES_ERROR;
				GCC_WARN_UNDECLARED_SELECTOR = YES;
				GCC_WARN_UNINITIALIZED_AUTOS = YES_AGGRESSIVE;
				GCC_WARN_UNUSED_FUNCTION = YES;
				GCC_WARN_UNUSED_VARIABLE = YES;
				IPHONEOS_DEPLOYMENT_TARGET = 9.0;
				MTL_ENABLE_DEBUG_INFO = NO;
				SDKROOT = iphoneos;
				TARGETED_DEVICE_FAMILY = "1,2";
				VALIDATE_PRODUCT = YES;
			};
			name = Release;
		};
		CC3610101BC0E0E6001B91E8 /* Debug */ = {
			isa = XCBuildConfiguration;
			baseConfigurationReference = BB341C5E83B4146D9A581309 /* Pods-Snowcialite iOS App.debug.xcconfig */;
			buildSettings = {
				ASSETCATALOG_COMPILER_APPICON_NAME = AppIcon;
				ASSETCATALOG_COMPILER_LAUNCHIMAGE_NAME = "Brand Assets";
				CODE_SIGN_IDENTITY = "iPhone Developer";
				"CODE_SIGN_IDENTITY[sdk=iphoneos*]" = "iPhone Developer";
				INFOPLIST_FILE = "$(SRCROOT)/Snowcialite iOS App/Supporting Files/Info.plist";
				LD_RUNPATH_SEARCH_PATHS = "$(inherited) @executable_path/Frameworks";
				PRODUCT_BUNDLE_IDENTIFIER = "com.snowcialite.Snowcialite-iOS-App";
				PRODUCT_NAME = "$(TARGET_NAME)";
				PROVISIONING_PROFILE = "";
			};
			name = Debug;
		};
		CC3610111BC0E0E6001B91E8 /* Release */ = {
			isa = XCBuildConfiguration;
			baseConfigurationReference = 8C3D44E6CA1B631C338C64AF /* Pods-Snowcialite iOS App.release.xcconfig */;
			buildSettings = {
				ASSETCATALOG_COMPILER_APPICON_NAME = AppIcon;
				ASSETCATALOG_COMPILER_LAUNCHIMAGE_NAME = "Brand Assets";
				CODE_SIGN_IDENTITY = "iPhone Developer";
				"CODE_SIGN_IDENTITY[sdk=iphoneos*]" = "iPhone Developer";
				INFOPLIST_FILE = "$(SRCROOT)/Snowcialite iOS App/Supporting Files/Info.plist";
				LD_RUNPATH_SEARCH_PATHS = "$(inherited) @executable_path/Frameworks";
				PRODUCT_BUNDLE_IDENTIFIER = "com.snowcialite.Snowcialite-iOS-App";
				PRODUCT_NAME = "$(TARGET_NAME)";
				PROVISIONING_PROFILE = "";
			};
			name = Release;
		};
		CC3610131BC0E0E6001B91E8 /* Debug */ = {
			isa = XCBuildConfiguration;
			buildSettings = {
				BUNDLE_LOADER = "$(TEST_HOST)";
				INFOPLIST_FILE = "Snowcialite iOS AppTests/Info.plist";
				LD_RUNPATH_SEARCH_PATHS = "$(inherited) @executable_path/Frameworks @loader_path/Frameworks";
				PRODUCT_BUNDLE_IDENTIFIER = "com.snowcialite.Snowcialite-iOS-AppTests";
				PRODUCT_NAME = "$(TARGET_NAME)";
				TEST_HOST = "$(BUILT_PRODUCTS_DIR)/Snowcialite iOS App.app/Snowcialite iOS App";
			};
			name = Debug;
		};
		CC3610141BC0E0E6001B91E8 /* Release */ = {
			isa = XCBuildConfiguration;
			buildSettings = {
				BUNDLE_LOADER = "$(TEST_HOST)";
				INFOPLIST_FILE = "Snowcialite iOS AppTests/Info.plist";
				LD_RUNPATH_SEARCH_PATHS = "$(inherited) @executable_path/Frameworks @loader_path/Frameworks";
				PRODUCT_BUNDLE_IDENTIFIER = "com.snowcialite.Snowcialite-iOS-AppTests";
				PRODUCT_NAME = "$(TARGET_NAME)";
				TEST_HOST = "$(BUILT_PRODUCTS_DIR)/Snowcialite iOS App.app/Snowcialite iOS App";
			};
			name = Release;
		};
		CC3610161BC0E0E6001B91E8 /* Debug */ = {
			isa = XCBuildConfiguration;
			buildSettings = {
				INFOPLIST_FILE = "Snowcialite iOS AppUITests/Info.plist";
				LD_RUNPATH_SEARCH_PATHS = "$(inherited) @executable_path/Frameworks @loader_path/Frameworks";
				PRODUCT_BUNDLE_IDENTIFIER = "com.snowcialite.Snowcialite-iOS-AppUITests";
				PRODUCT_NAME = "$(TARGET_NAME)";
				TEST_TARGET_NAME = "Snowcialite iOS App";
				USES_XCTRUNNER = YES;
			};
			name = Debug;
		};
		CC3610171BC0E0E6001B91E8 /* Release */ = {
			isa = XCBuildConfiguration;
			buildSettings = {
				INFOPLIST_FILE = "Snowcialite iOS AppUITests/Info.plist";
				LD_RUNPATH_SEARCH_PATHS = "$(inherited) @executable_path/Frameworks @loader_path/Frameworks";
				PRODUCT_BUNDLE_IDENTIFIER = "com.snowcialite.Snowcialite-iOS-AppUITests";
				PRODUCT_NAME = "$(TARGET_NAME)";
				TEST_TARGET_NAME = "Snowcialite iOS App";
				USES_XCTRUNNER = YES;
			};
			name = Release;
		};
/* End XCBuildConfiguration section */

/* Begin XCConfigurationList section */
		CC360FE21BC0E0E6001B91E8 /* Build configuration list for PBXProject "Snowcialite iOS App" */ = {
			isa = XCConfigurationList;
			buildConfigurations = (
				CC36100D1BC0E0E6001B91E8 /* Debug */,
				CC36100E1BC0E0E6001B91E8 /* Release */,
			);
			defaultConfigurationIsVisible = 0;
			defaultConfigurationName = Release;
		};
		CC36100F1BC0E0E6001B91E8 /* Build configuration list for PBXNativeTarget "Snowcialite iOS App" */ = {
			isa = XCConfigurationList;
			buildConfigurations = (
				CC3610101BC0E0E6001B91E8 /* Debug */,
				CC3610111BC0E0E6001B91E8 /* Release */,
			);
			defaultConfigurationIsVisible = 0;
			defaultConfigurationName = Release;
		};
		CC3610121BC0E0E6001B91E8 /* Build configuration list for PBXNativeTarget "Snowcialite iOS AppTests" */ = {
			isa = XCConfigurationList;
			buildConfigurations = (
				CC3610131BC0E0E6001B91E8 /* Debug */,
				CC3610141BC0E0E6001B91E8 /* Release */,
			);
			defaultConfigurationIsVisible = 0;
			defaultConfigurationName = Release;
		};
		CC3610151BC0E0E6001B91E8 /* Build configuration list for PBXNativeTarget "Snowcialite iOS AppUITests" */ = {
			isa = XCConfigurationList;
			buildConfigurations = (
				CC3610161BC0E0E6001B91E8 /* Debug */,
				CC3610171BC0E0E6001B91E8 /* Release */,
			);
			defaultConfigurationIsVisible = 0;
			defaultConfigurationName = Release;
		};
/* End XCConfigurationList section */
	};
	rootObject = CC360FDF1BC0E0E6001B91E8 /* Project object */;
}
